
Microsoft Visual Studio Solution File, Format Version 12.00
# Visual Studio Version 16
VisualStudioVersion = 16.0.30611.23
MinimumVisualStudioVersion = 10.0.40219.1
Project("{FAE04EC0-301F-11D3-BF4B-00C04F79EFBC}") = "fitnessApp.Android", "fitnessApp.Android\fitnessApp.Android.csproj", "{BDB067D3-C9F8-4CF5-BADC-650BE578E319}"
EndProject
Project("{FAE04EC0-301F-11D3-BF4B-00C04F79EFBC}") = "fitnessApp.iOS", "fitnessApp.iOS\fitnessApp.iOS.csproj", "{14193120-2F9C-4339-95A2-1EDECDD9FFEC}"
EndProject
Project("{FAE04EC0-301F-11D3-BF4B-00C04F79EFBC}") = "fitnessApp", "fitnessApp\fitnessApp.csproj", "{B983D615-9C61-4719-B128-64CFF6D31A36}"
EndProject
Global
	GlobalSection(SolutionConfigurationPlatforms) = preSolution
		Debug|Any CPU = Debug|Any CPU
		Debug|iPhone = Debug|iPhone
		Debug|iPhoneSimulator = Debug|iPhoneSimulator
		Release|Any CPU = Release|Any CPU
		Release|iPhone = Release|iPhone
		Release|iPhoneSimulator = Release|iPhoneSimulator
	EndGlobalSection
	GlobalSection(ProjectConfigurationPlatforms) = postSolution
		{BDB067D3-C9F8-4CF5-BADC-650BE578E319}.Debug|Any CPU.ActiveCfg = Debug|Any CPU
		{BDB067D3-C9F8-4CF5-BADC-650BE578E319}.Debug|Any CPU.Build.0 = Debug|Any CPU
		{BDB067D3-C9F8-4CF5-BADC-650BE578E319}.Debug|Any CPU.Deploy.0 = Debug|Any CPU
		{BDB067D3-C9F8-4CF5-BADC-650BE578E319}.Debug|iPhone.ActiveCfg = Debug|Any CPU
		{BDB067D3-C9F8-4CF5-BADC-650BE578E319}.Debug|iPhone.Build.0 = Debug|Any CPU
		{BDB067D3-C9F8-4CF5-BADC-650BE578E319}.Debug|iPhone.Deploy.0 = Debug|Any CPU
		{BDB067D3-C9F8-4CF5-BADC-650BE578E319}.Debug|iPhoneSimulator.ActiveCfg = Debug|Any CPU
		{BDB067D3-C9F8-4CF5-BADC-650BE578E319}.Debug|iPhoneSimulator.Build.0 = Debug|Any CPU
		{BDB067D3-C9F8-4CF5-BADC-650BE578E319}.Debug|iPhoneSimulator.Deploy.0 = Debug|Any CPU
		{BDB067D3-C9F8-4CF5-BADC-650BE578E319}.Release|Any CPU.ActiveCfg = Release|Any CPU
		{BDB067D3-C9F8-4CF5-BADC-650BE578E319}.Release|Any CPU.Build.0 = Release|Any CPU
		{BDB067D3-C9F8-4CF5-BADC-650BE578E319}.Release|Any CPU.Deploy.0 = Release|Any CPU
		{BDB067D3-C9F8-4CF5-BADC-650BE578E319}.Release|iPhone.ActiveCfg = Release|Any CPU
		{BDB067D3-C9F8-4CF5-BADC-650BE578E319}.Release|iPhone.Build.0 = Release|Any CPU
		{BDB067D3-C9F8-4CF5-BADC-650BE578E319}.Release|iPhone.Deploy.0 = Release|Any CPU
		{BDB067D3-C9F8-4CF5-BADC-650BE578E319}.Release|iPhoneSimulator.ActiveCfg = Release|Any CPU
		{BDB067D3-C9F8-4CF5-BADC-650BE578E319}.Release|iPhoneSimulator.Build.0 = Release|Any CPU
		{BDB067D3-C9F8-4CF5-BADC-650BE578E319}.Release|iPhoneSimulator.Deploy.0 = Release|Any CPU
		{14193120-2F9C-4339-95A2-1EDECDD9FFEC}.Debug|Any CPU.ActiveCfg = Debug|iPhone
		{14193120-2F9C-4339-95A2-1EDECDD9FFEC}.Debug|Any CPU.Build.0 = Debug|iPhone
		{14193120-2F9C-4339-95A2-1EDECDD9FFEC}.Debug|Any CPU.Deploy.0 = Debug|iPhone
		{14193120-2F9C-4339-95A2-1EDECDD9FFEC}.Debug|iPhone.ActiveCfg = Debug|iPhone
		{14193120-2F9C-4339-95A2-1EDECDD9FFEC}.Debug|iPhone.Build.0 = Debug|iPhone
		{14193120-2F9C-4339-95A2-1EDECDD9FFEC}.Debug|iPhone.Deploy.0 = Debug|iPhone
		{14193120-2F9C-4339-95A2-1EDECDD9FFEC}.Debug|iPhoneSimulator.ActiveCfg = Debug|iPhoneSimulator
		{14193120-2F9C-4339-95A2-1EDECDD9FFEC}.Debug|iPhoneSimulator.Build.0 = Debug|iPhoneSimulator
		{14193120-2F9C-4339-95A2-1EDECDD9FFEC}.Debug|iPhoneSimulator.Deploy.0 = Debug|iPhoneSimulator
		{14193120-2F9C-4339-95A2-1EDECDD9FFEC}.Release|Any CPU.ActiveCfg = Release|iPhoneSimulator
		{14193120-2F9C-4339-95A2-1EDECDD9FFEC}.Release|Any CPU.Build.0 = Release|iPhoneSimulator
		{14193120-2F9C-4339-95A2-1EDECDD9FFEC}.Release|Any CPU.Deploy.0 = Release|iPhoneSimulator
		{14193120-2F9C-4339-95A2-1EDECDD9FFEC}.Release|iPhone.ActiveCfg = Release|iPhone
		{14193120-2F9C-4339-95A2-1EDECDD9FFEC}.Release|iPhone.Build.0 = Release|iPhone
		{14193120-2F9C-4339-95A2-1EDECDD9FFEC}.Release|iPhone.Deploy.0 = Release|iPhone
		{14193120-2F9C-4339-95A2-1EDECDD9FFEC}.Release|iPhoneSimulator.ActiveCfg = Release|iPhoneSimulator
		{14193120-2F9C-4339-95A2-1EDECDD9FFEC}.Release|iPhoneSimulator.Build.0 = Release|iPhoneSimulator
		{14193120-2F9C-4339-95A2-1EDECDD9FFEC}.Release|iPhoneSimulator.Deploy.0 = Release|iPhoneSimulator
		{B983D615-9C61-4719-B128-64CFF6D31A36}.Debug|Any CPU.ActiveCfg = Debug|Any CPU
		{B983D615-9C61-4719-B128-64CFF6D31A36}.Debug|Any CPU.Build.0 = Debug|Any CPU
		{B983D615-9C61-4719-B128-64CFF6D31A36}.Debug|Any CPU.Deploy.0 = Debug|Any CPU
		{B983D615-9C61-4719-B128-64CFF6D31A36}.Debug|iPhone.ActiveCfg = Debug|Any CPU
		{B983D615-9C61-4719-B128-64CFF6D31A36}.Debug|iPhone.Build.0 = Debug|Any CPU
		{B983D615-9C61-4719-B128-64CFF6D31A36}.Debug|iPhone.Deploy.0 = Debug|Any CPU
		{B983D615-9C61-4719-B128-64CFF6D31A36}.Debug|iPhoneSimulator.ActiveCfg = Debug|Any CPU
		{B983D615-9C61-4719-B128-64CFF6D31A36}.Debug|iPhoneSimulator.Build.0 = Debug|Any CPU
		{B983D615-9C61-4719-B128-64CFF6D31A36}.Debug|iPhoneSimulator.Deploy.0 = Debug|Any CPU
		{B983D615-9C61-4719-B128-64CFF6D31A36}.Release|Any CPU.ActiveCfg = Release|Any CPU
		{B983D615-9C61-4719-B128-64CFF6D31A36}.Release|Any CPU.Build.0 = Release|Any CPU
		{B983D615-9C61-4719-B128-64CFF6D31A36}.Release|Any CPU.Deploy.0 = Release|Any CPU
		{B983D615-9C61-4719-B128-64CFF6D31A36}.Release|iPhone.ActiveCfg = Release|Any CPU
		{B983D615-9C61-4719-B128-64CFF6D31A36}.Release|iPhone.Build.0 = Release|Any CPU
		{B983D615-9C61-4719-B128-64CFF6D31A36}.Release|iPhone.Deploy.0 = Release|Any CPU
		{B983D615-9C61-4719-B128-64CFF6D31A36}.Release|iPhoneSimulator.ActiveCfg = Release|Any CPU
		{B983D615-9C61-4719-B128-64CFF6D31A36}.Release|iPhoneSimulator.Build.0 = Release|Any CPU
		{B983D615-9C61-4719-B128-64CFF6D31A36}.Release|iPhoneSimulator.Deploy.0 = Release|Any CPU
	EndGlobalSection
	GlobalSection(SolutionProperties) = preSolution
		HideSolutionNode = FALSE
	EndGlobalSection
	GlobalSection(ExtensibilityGlobals) = postSolution
		SolutionGuid = {F16EA228-8574-49BD-8EC8-DEF07B1EB999}
	EndGlobalSection
EndGlobal
